
Microsoft Visual Studio Solution File, Format Version 12.00
# Visual Studio Version 17
VisualStudioVersion = 17.4.33213.308
MinimumVisualStudioVersion = 10.0.40219.1
Project("{FAE04EC0-301F-11D3-BF4B-00C04F79EFBC}") = "SurveyAssignment.web", "SurveyAssignment.web\SurveyAssignment.web.csproj", "{69E2E83B-06A7-45D5-BFC1-DF386B319D10}"
EndProject
Global
	GlobalSection(SolutionConfigurationPlatforms) = preSolution
		Debug|Any CPU = Debug|Any CPU
		Release|Any CPU = Release|Any CPU
	EndGlobalSection
	GlobalSection(ProjectConfigurationPlatforms) = postSolution
		{69E2E83B-06A7-45D5-BFC1-DF386B319D10}.Debug|Any CPU.ActiveCfg = Debug|Any CPU
		{69E2E83B-06A7-45D5-BFC1-DF386B319D10}.Debug|Any CPU.Build.0 = Debug|Any CPU
		{69E2E83B-06A7-45D5-BFC1-DF386B319D10}.Release|Any CPU.ActiveCfg = Release|Any CPU
		{69E2E83B-06A7-45D5-BFC1-DF386B319D10}.Release|Any CPU.Build.0 = Release|Any CPU
	EndGlobalSection
	GlobalSection(SolutionProperties) = preSolution
		HideSolutionNode = FALSE
	EndGlobalSection
	GlobalSection(ExtensibilityGlobals) = postSolution
		SolutionGuid = {6AA33F42-D8EA-42FF-86EE-CF2D934C596C}
	EndGlobalSection
EndGlobal
