
Microsoft Visual Studio Solution File, Format Version 12.00
# Visual Studio Version 17
VisualStudioVersion = 17.5.33424.131
MinimumVisualStudioVersion = 10.0.40219.1
Project("{FAE04EC0-301F-11D3-BF4B-00C04F79EFBC}") = "csvFileSaver", "csvFileSaver\csvFileSaver.csproj", "{D225C49C-02CB-4BA5-8791-75FE0AC878CE}"
EndProject
Global
	GlobalSection(SolutionConfigurationPlatforms) = preSolution
		Debug|Any CPU = Debug|Any CPU
		Release|Any CPU = Release|Any CPU
	EndGlobalSection
	GlobalSection(ProjectConfigurationPlatforms) = postSolution
		{D225C49C-02CB-4BA5-8791-75FE0AC878CE}.Debug|Any CPU.ActiveCfg = Debug|Any CPU
		{D225C49C-02CB-4BA5-8791-75FE0AC878CE}.Debug|Any CPU.Build.0 = Debug|Any CPU
		{D225C49C-02CB-4BA5-8791-75FE0AC878CE}.Release|Any CPU.ActiveCfg = Release|Any CPU
		{D225C49C-02CB-4BA5-8791-75FE0AC878CE}.Release|Any CPU.Build.0 = Release|Any CPU
	EndGlobalSection
	GlobalSection(SolutionProperties) = preSolution
		HideSolutionNode = FALSE
	EndGlobalSection
	GlobalSection(ExtensibilityGlobals) = postSolution
		SolutionGuid = {B36187E6-70D3-41F2-8B68-F7B24D60435C}
	EndGlobalSection
EndGlobal
